Microsoft Visual Studio Solution File, Format Version 12.00
# Visual Studio Version 17
VisualStudioVersion = 17.5.2.0
MinimumVisualStudioVersion = 10.0.40219.1
Project("{FAE04EC0-301F-11D3-BF4B-00C04F79EFBC}") = "AluguelDeCarrosBackend", "AluguelDeCarrosBackend.csproj", "{2CFCD3C2-F291-E309-1731-5DBB254CCE7E}"
EndProject
Global
	GlobalSection(SolutionConfigurationPlatforms) = preSolution
		Debug|Any CPU = Debug|Any CPU
		Release|Any CPU = Release|Any CPU
	EndGlobalSection
	GlobalSection(ProjectConfigurationPlatforms) = postSolution
		{2CFCD3C2-F291-E309-1731-5DBB254CCE7E}.Debug|Any CPU.ActiveCfg = Debug|Any CPU
		{2CFCD3C2-F291-E309-1731-5DBB254CCE7E}.Debug|Any CPU.Build.0 = Debug|Any CPU
		{2CFCD3C2-F291-E309-1731-5DBB254CCE7E}.Release|Any CPU.ActiveCfg = Release|Any CPU
		{2CFCD3C2-F291-E309-1731-5DBB254CCE7E}.Release|Any CPU.Build.0 = Release|Any CPU
	EndGlobalSection
	GlobalSection(SolutionProperties) = preSolution
		HideSolutionNode = FALSE
	EndGlobalSection
	GlobalSection(ExtensibilityGlobals) = postSolution
		SolutionGuid = {01E6593F-29CF-4C7A-B75A-EC2676338C77}
	EndGlobalSection
EndGlobal
