Microsoft Visual Studio Solution File, Format Version 12.00
# Visual Studio Version 17
VisualStudioVersion = 17.5.2.0
MinimumVisualStudioVersion = 10.0.40219.1
Project("{2150E333-8FDC-42A3-9474-1A3956D46DE8}") = "LAB001", "LAB001", "{C98BA417-0D0F-B24E-77A3-8798C855456D}"
EndProject
Project("{FAE04EC0-301F-11D3-BF4B-00C04F79EFBC}") = "SistemaDeMatriculas", "LAB001\SistemaDeMatriculas\SistemaDeMatriculas.csproj", "{DC4D4FF5-21C3-CA3D-B247-80D8634D4594}"
EndProject
Global
	GlobalSection(SolutionConfigurationPlatforms) = preSolution
		Debug|Any CPU = Debug|Any CPU
		Release|Any CPU = Release|Any CPU
	EndGlobalSection
	GlobalSection(ProjectConfigurationPlatforms) = postSolution
		{DC4D4FF5-21C3-CA3D-B247-80D8634D4594}.Debug|Any CPU.ActiveCfg = Debug|Any CPU
		{DC4D4FF5-21C3-CA3D-B247-80D8634D4594}.Debug|Any CPU.Build.0 = Debug|Any CPU
		{DC4D4FF5-21C3-CA3D-B247-80D8634D4594}.Release|Any CPU.ActiveCfg = Release|Any CPU
		{DC4D4FF5-21C3-CA3D-B247-80D8634D4594}.Release|Any CPU.Build.0 = Release|Any CPU
	EndGlobalSection
	GlobalSection(SolutionProperties) = preSolution
		HideSolutionNode = FALSE
	EndGlobalSection
	GlobalSection(NestedProjects) = preSolution
		{DC4D4FF5-21C3-CA3D-B247-80D8634D4594} = {C98BA417-0D0F-B24E-77A3-8798C855456D}
	EndGlobalSection
	GlobalSection(ExtensibilityGlobals) = postSolution
		SolutionGuid = {AEDBD66A-EEA9-4A78-9B6E-839B0EB52D42}
	EndGlobalSection
EndGlobal
